{
  "name": "simple-app",
  "lockfileVersion": 3,
  "requires": true,
  "packages": {
    "": {
      "dependencies": {
        "@tanstack/react-query": "^5.45.1",
        "@trpc/client": "^11.0.0-rc.421",
        "@trpc/react-query": "^11.0.0-rc.421",
        "@trpc/server": "^11.0.0-rc.421"
      }
    },
    "node_modules/@tanstack/query-core": {
      "version": "5.45.0",
      "resolved": "https://registry.npmjs.org/@tanstack/query-core/-/query-core-5.45.0.tgz",
      "integrity": "sha512-RVfIZQmFUTdjhSAAblvueimfngYyfN6HlwaJUPK71PKd7yi43Vs1S/rdimmZedPWX/WGppcq/U1HOj7O7FwYxw==",
      "funding": {
        "type": "github",
        "url": "https://github.com/sponsors/tannerlinsley"
      }
    },
    "node_modules/@tanstack/react-query": {
      "version": "5.45.1",
      "resolved": "https://registry.npmjs.org/@tanstack/react-query/-/react-query-5.45.1.tgz",
      "integrity": "sha512-mYYfJujKg2kxmkRRjA6nn4YKG3ITsKuH22f1kteJ5IuVQqgKUgbaSQfYwVP0gBS05mhwxO03HVpD0t7BMN7WOA==",
      "dependencies": {
        "@tanstack/query-core": "5.45.0"
      },
      "funding": {
        "type": "github",
        "url": "https://github.com/sponsors/tannerlinsley"
      },
      "peerDependencies": {
        "react": "^18.0.0"
      }
    },
    "node_modules/@trpc/client": {
      "version": "11.0.0-rc.421",
      "resolved": "https://registry.npmjs.org/@trpc/client/-/client-11.0.0-rc.421.tgz",
      "integrity": "sha512-Ek9g3EEDtNeU35qgys1M7slyQPjwnAX2hHs8JN2AIXjDyfoT8n+ZdLJlJ8n9aoyGyO2LCFfbfyGhi3MeTMNHtg==",
      "funding": [
        "https://trpc.io/sponsor"
      ],
      "peerDependencies": {
        "@trpc/server": "11.0.0-rc.421+bce4f97e9"
      }
    },
    "node_modules/@trpc/react-query": {
      "version": "11.0.0-rc.421",
      "resolved": "https://registry.npmjs.org/@trpc/react-query/-/react-query-11.0.0-rc.421.tgz",
      "integrity": "sha512-xoArO8tqzDDch4e2aH48bZ0SVHMpstsuhk/S0qTB1WybMV1pjZDnT/9qDQY8WwEkaqdVk/7BXXf94Kg5REAIpA==",
      "funding": [
        "https://trpc.io/sponsor"
      ],
      "peerDependencies": {
        "@tanstack/react-query": "^5.40.0",
        "@trpc/client": "11.0.0-rc.421+bce4f97e9",
        "@trpc/server": "11.0.0-rc.421+bce4f97e9",
        "react": ">=18.2.0",
        "react-dom": ">=18.2.0"
      }
    },
    "node_modules/@trpc/server": {
      "version": "11.0.0-rc.421",
      "resolved": "https://registry.npmjs.org/@trpc/server/-/server-11.0.0-rc.421.tgz",
      "integrity": "sha512-4epaOaNiqvIDuyA7FfjthKcUvFMfFoKwBTUzhu/xLGeSClgLZ0v+1HWRPPWGFLMu1ZKLHMeeySXhnY4yLFlYjw==",
      "funding": [
        "https://trpc.io/sponsor"
      ]
    },
    "node_modules/js-tokens": {
      "version": "4.0.0",
      "resolved": "https://registry.npmjs.org/js-tokens/-/js-tokens-4.0.0.tgz",
      "integrity": "sha512-RdJUflcE3cUzKiMqQgsCu06FPu9UdIJO0beYbPhHN4k6apgJtifcoCtT9bcxOpYBtpD2kCM6Sbzg4CausW/PKQ==",
      "peer": true
    },
    "node_modules/loose-envify": {
      "version": "1.4.0",
      "resolved": "https://registry.npmjs.org/loose-envify/-/loose-envify-1.4.0.tgz",
      "integrity": "sha512-lyuxPGr/Wfhrlem2CL/UcnUc1zcqKAImBDzukY7Y5F/yQiNdko6+fRLevlw1HgMySw7f611UIY408EtxRSoK3Q==",
      "peer": true,
      "dependencies": {
        "js-tokens": "^3.0.0 || ^4.0.0"
      },
      "bin": {
        "loose-envify": "cli.js"
      }
    },
    "node_modules/react": {
      "version": "18.3.1",
      "resolved": "https://registry.npmjs.org/react/-/react-18.3.1.tgz",
      "integrity": "sha512-wS+hAgJShR0KhEvPJArfuPVN1+Hz1t0Y6n5jLrGQbkb4urgPE/0Rve+1kMB1v/oWgHgm4WIcV+i7F2pTVj+2iQ==",
      "peer": true,
      "dependencies": {
        "loose-envify": "^1.1.0"
      },
      "engines": {
        "node": ">=0.10.0"
      }
    },
    "node_modules/react-dom": {
      "version": "18.3.1",
      "resolved": "https://registry.npmjs.org/react-dom/-/react-dom-18.3.1.tgz",
      "integrity": "sha512-5m4nQKp+rZRb09LNH59GM4BxTh9251/ylbKIbpe7TpGxfJ+9kv6BLkLBXIjjspbgbnIBNqlI23tRnTWT0snUIw==",
      "peer": true,
      "dependencies": {
        "loose-envify": "^1.1.0",
        "scheduler": "^0.23.2"
      },
      "peerDependencies": {
        "react": "^18.3.1"
      }
    },
    "node_modules/scheduler": {
      "version": "0.23.2",
      "resolved": "https://registry.npmjs.org/scheduler/-/scheduler-0.23.2.tgz",
      "integrity": "sha512-UOShsPwz7NrMUqhR6t0hWjFduvOzbtv7toDH1/hIrfRNIDBnnBWd0CwJTGvTpngVlmwGCdP9/Zl/tVrDqcuYzQ==",
      "peer": true,
      "dependencies": {
        "loose-envify": "^1.1.0"
      }
    }
  }
}
